
Microsoft Visual Studio Solution File, Format Version 12.00
# Visual Studio Version 17
VisualStudioVersion = 17.9.34622.214
MinimumVisualStudioVersion = 10.0.40219.1
Project("{8BC9CEB8-8B4A-11D0-8D11-00A0C91BC942}") = "Praktek 4", "Praktek 4.vcxproj", "{1BBE64EE-A90E-4813-BEC4-FAF035145DED}"
EndProject
Project("{8BC9CEB8-8B4A-11D0-8D11-00A0C91BC942}") = "Praktek 4.2", "..\Praktek 4.2\Praktek 4.2.vcxproj", "{5409DDFE-2A28-4FCC-A40F-B8D5AAEA408B}"
EndProject
Global
	GlobalSection(SolutionConfigurationPlatforms) = preSolution
		Debug|x64 = Debug|x64
		Debug|x86 = Debug|x86
		Release|x64 = Release|x64
		Release|x86 = Release|x86
	EndGlobalSection
	GlobalSection(ProjectConfigurationPlatforms) = postSolution
		{1BBE64EE-A90E-4813-BEC4-FAF035145DED}.Debug|x64.ActiveCfg = Debug|x64
		{1BBE64EE-A90E-4813-BEC4-FAF035145DED}.Debug|x64.Build.0 = Debug|x64
		{1BBE64EE-A90E-4813-BEC4-FAF035145DED}.Debug|x86.ActiveCfg = Debug|Win32
		{1BBE64EE-A90E-4813-BEC4-FAF035145DED}.Debug|x86.Build.0 = Debug|Win32
		{1BBE64EE-A90E-4813-BEC4-FAF035145DED}.Release|x64.ActiveCfg = Release|x64
		{1BBE64EE-A90E-4813-BEC4-FAF035145DED}.Release|x64.Build.0 = Release|x64
		{1BBE64EE-A90E-4813-BEC4-FAF035145DED}.Release|x86.ActiveCfg = Release|Win32
		{1BBE64EE-A90E-4813-BEC4-FAF035145DED}.Release|x86.Build.0 = Release|Win32
		{5409DDFE-2A28-4FCC-A40F-B8D5AAEA408B}.Debug|x64.ActiveCfg = Debug|x64
		{5409DDFE-2A28-4FCC-A40F-B8D5AAEA408B}.Debug|x64.Build.0 = Debug|x64
		{5409DDFE-2A28-4FCC-A40F-B8D5AAEA408B}.Debug|x86.ActiveCfg = Debug|Win32
		{5409DDFE-2A28-4FCC-A40F-B8D5AAEA408B}.Debug|x86.Build.0 = Debug|Win32
		{5409DDFE-2A28-4FCC-A40F-B8D5AAEA408B}.Release|x64.ActiveCfg = Release|x64
		{5409DDFE-2A28-4FCC-A40F-B8D5AAEA408B}.Release|x64.Build.0 = Release|x64
		{5409DDFE-2A28-4FCC-A40F-B8D5AAEA408B}.Release|x86.ActiveCfg = Release|Win32
		{5409DDFE-2A28-4FCC-A40F-B8D5AAEA408B}.Release|x86.Build.0 = Release|Win32
	EndGlobalSection
	GlobalSection(SolutionProperties) = preSolution
		HideSolutionNode = FALSE
	EndGlobalSection
	GlobalSection(ExtensibilityGlobals) = postSolution
		SolutionGuid = {3BA60428-6F22-479F-995E-348474FF6943}
	EndGlobalSection
EndGlobal
